
Microsoft Visual Studio Solution File, Format Version 12.00
# Visual Studio Version 17
VisualStudioVersion = 17.5.33424.131
MinimumVisualStudioVersion = 10.0.40219.1
Project("{FAE04EC0-301F-11D3-BF4B-00C04F79EFBC}") = "Overwritten", "Overwritten.csproj", "{C4671C9C-C6E0-441D-A9BD-0CD6F1826923}"
EndProject
Global
	GlobalSection(SolutionConfigurationPlatforms) = preSolution
		Debug|Any CPU = Debug|Any CPU
		Release|Any CPU = Release|Any CPU
	EndGlobalSection
	GlobalSection(ProjectConfigurationPlatforms) = postSolution
		{C4671C9C-C6E0-441D-A9BD-0CD6F1826923}.Debug|Any CPU.ActiveCfg = Debug|Any CPU
		{C4671C9C-C6E0-441D-A9BD-0CD6F1826923}.Debug|Any CPU.Build.0 = Debug|Any CPU
		{C4671C9C-C6E0-441D-A9BD-0CD6F1826923}.Release|Any CPU.ActiveCfg = Release|Any CPU
		{C4671C9C-C6E0-441D-A9BD-0CD6F1826923}.Release|Any CPU.Build.0 = Release|Any CPU
	EndGlobalSection
	GlobalSection(SolutionProperties) = preSolution
		HideSolutionNode = FALSE
	EndGlobalSection
	GlobalSection(ExtensibilityGlobals) = postSolution
		SolutionGuid = {86ED05ED-622A-48B1-B23F-CDEAC4039724}
	EndGlobalSection
EndGlobal
